
Microsoft Visual Studio Solution File, Format Version 15.00
# Visual Studio 2012
Project("{FAE04EC0-301F-11D3-BF4B-00C04F79EFBC}") = "samples.iot.simulator.consumer", "Simulator\samples.iot.simulator.consumer\samples.iot.simulator.consumer.csproj", "{6ABB6C22-5B85-49B9-9C4E-649FD2D60CD5}"
EndProject
Project("{FAE04EC0-301F-11D3-BF4B-00C04F79EFBC}") = "samples.iot.simulator.sender", "Simulator\samples.iot.simulator.sender\samples.iot.simulator.sender.csproj", "{DB0E9E48-03FA-438F-AD47-4EED09D7014B}"
EndProject
Project("{FAE04EC0-301F-11D3-BF4B-00C04F79EFBC}") = "samples.iot.strategies.amqp", "Core\samples.iot.strategies.amqp\samples.iot.strategies.amqp.csproj", "{A7DAF444-3A8E-40F7-ADB0-488633607455}"
EndProject
Project("{FAE04EC0-301F-11D3-BF4B-00C04F79EFBC}") = "samples.iot.core", "Core\samples.iot.core\samples.iot.core.csproj", "{555C91D1-5316-434D-B202-5EC418F3AA40}"
EndProject
Project("{FAE04EC0-301F-11D3-BF4B-00C04F79EFBC}") = "simulator.iot.simulator.contracts", "Core\simulator.iot.simulator.contracts\simulator.iot.simulator.contracts.csproj", "{D97F3B7E-023E-4A5F-8930-58A6EFDBCA8D}"
EndProject
Project("{FAE04EC0-301F-11D3-BF4B-00C04F79EFBC}") = "samples.iot.providers.receiver", "Providers\samples.iot.providers.receiver\samples.iot.providers.receiver.csproj", "{44A05E60-906C-4B45-AA95-EDA3E5AB4922}"
EndProject
Project("{FAE04EC0-301F-11D3-BF4B-00C04F79EFBC}") = "samples.iot.providers.sender", "Providers\samples.iot.providers.sender\samples.iot.providers.sender.csproj", "{D20F8276-A3CE-4377-B6D8-1F32F97A66E5}"
EndProject
Global
	GlobalSection(SolutionConfigurationPlatforms) = preSolution
		Debug|Any CPU = Debug|Any CPU
		Release|Any CPU = Release|Any CPU
	EndGlobalSection
	GlobalSection(ProjectConfigurationPlatforms) = postSolution
		{6ABB6C22-5B85-49B9-9C4E-649FD2D60CD5}.Debug|Any CPU.ActiveCfg = Debug|Any CPU
		{6ABB6C22-5B85-49B9-9C4E-649FD2D60CD5}.Debug|Any CPU.Build.0 = Debug|Any CPU
		{6ABB6C22-5B85-49B9-9C4E-649FD2D60CD5}.Release|Any CPU.ActiveCfg = Release|Any CPU
		{6ABB6C22-5B85-49B9-9C4E-649FD2D60CD5}.Release|Any CPU.Build.0 = Release|Any CPU
		{DB0E9E48-03FA-438F-AD47-4EED09D7014B}.Debug|Any CPU.ActiveCfg = Debug|Any CPU
		{DB0E9E48-03FA-438F-AD47-4EED09D7014B}.Debug|Any CPU.Build.0 = Debug|Any CPU
		{DB0E9E48-03FA-438F-AD47-4EED09D7014B}.Release|Any CPU.ActiveCfg = Release|Any CPU
		{DB0E9E48-03FA-438F-AD47-4EED09D7014B}.Release|Any CPU.Build.0 = Release|Any CPU
		{A7DAF444-3A8E-40F7-ADB0-488633607455}.Debug|Any CPU.ActiveCfg = Debug|Any CPU
		{A7DAF444-3A8E-40F7-ADB0-488633607455}.Debug|Any CPU.Build.0 = Debug|Any CPU
		{A7DAF444-3A8E-40F7-ADB0-488633607455}.Release|Any CPU.ActiveCfg = Release|Any CPU
		{A7DAF444-3A8E-40F7-ADB0-488633607455}.Release|Any CPU.Build.0 = Release|Any CPU
		{555C91D1-5316-434D-B202-5EC418F3AA40}.Debug|Any CPU.ActiveCfg = Debug|Any CPU
		{555C91D1-5316-434D-B202-5EC418F3AA40}.Debug|Any CPU.Build.0 = Debug|Any CPU
		{555C91D1-5316-434D-B202-5EC418F3AA40}.Release|Any CPU.ActiveCfg = Release|Any CPU
		{555C91D1-5316-434D-B202-5EC418F3AA40}.Release|Any CPU.Build.0 = Release|Any CPU
		{D97F3B7E-023E-4A5F-8930-58A6EFDBCA8D}.Debug|Any CPU.ActiveCfg = Debug|Any CPU
		{D97F3B7E-023E-4A5F-8930-58A6EFDBCA8D}.Debug|Any CPU.Build.0 = Debug|Any CPU
		{D97F3B7E-023E-4A5F-8930-58A6EFDBCA8D}.Release|Any CPU.ActiveCfg = Release|Any CPU
		{D97F3B7E-023E-4A5F-8930-58A6EFDBCA8D}.Release|Any CPU.Build.0 = Release|Any CPU
		{44A05E60-906C-4B45-AA95-EDA3E5AB4922}.Debug|Any CPU.ActiveCfg = Debug|Any CPU
		{44A05E60-906C-4B45-AA95-EDA3E5AB4922}.Debug|Any CPU.Build.0 = Debug|Any CPU
		{44A05E60-906C-4B45-AA95-EDA3E5AB4922}.Release|Any CPU.ActiveCfg = Release|Any CPU
		{44A05E60-906C-4B45-AA95-EDA3E5AB4922}.Release|Any CPU.Build.0 = Release|Any CPU
		{D20F8276-A3CE-4377-B6D8-1F32F97A66E5}.Debug|Any CPU.ActiveCfg = Debug|Any CPU
		{D20F8276-A3CE-4377-B6D8-1F32F97A66E5}.Debug|Any CPU.Build.0 = Debug|Any CPU
		{D20F8276-A3CE-4377-B6D8-1F32F97A66E5}.Release|Any CPU.ActiveCfg = Release|Any CPU
		{D20F8276-A3CE-4377-B6D8-1F32F97A66E5}.Release|Any CPU.Build.0 = Release|Any CPU
	EndGlobalSection
EndGlobal
